
Microsoft Visual Studio Solution File, Format Version 12.00
# Visual Studio Version 16
VisualStudioVersion = 16.0.31729.503
MinimumVisualStudioVersion = 10.0.40219.1
Project("{FAE04EC0-301F-11D3-BF4B-00C04F79EFBC}") = "PPPK_Delivery_2_Dominik_Hruza_3IP1", "PPPK_Delivery_2_Dominik_Hruza_3IP1.csproj", "{F1CF1C04-454D-4366-8707-C299559286F2}"
EndProject
Global
	GlobalSection(SolutionConfigurationPlatforms) = preSolution
		Debug|Any CPU = Debug|Any CPU
		Release|Any CPU = Release|Any CPU
	EndGlobalSection
	GlobalSection(ProjectConfigurationPlatforms) = postSolution
		{F1CF1C04-454D-4366-8707-C299559286F2}.Debug|Any CPU.ActiveCfg = Debug|Any CPU
		{F1CF1C04-454D-4366-8707-C299559286F2}.Debug|Any CPU.Build.0 = Debug|Any CPU
		{F1CF1C04-454D-4366-8707-C299559286F2}.Release|Any CPU.ActiveCfg = Release|Any CPU
		{F1CF1C04-454D-4366-8707-C299559286F2}.Release|Any CPU.Build.0 = Release|Any CPU
	EndGlobalSection
	GlobalSection(SolutionProperties) = preSolution
		HideSolutionNode = FALSE
	EndGlobalSection
	GlobalSection(ExtensibilityGlobals) = postSolution
		SolutionGuid = {6E24E7DE-BDCE-41EF-8E0C-F8889DFD15EA}
	EndGlobalSection
EndGlobal
